
Microsoft Visual Studio Solution File, Format Version 12.00
# Visual Studio Version 17
VisualStudioVersion = 17.2.32526.322
MinimumVisualStudioVersion = 10.0.40219.1
Project("{9A19103F-16F7-4668-BE54-9A1E7A4F7556}") = "FolhaDePonto", "FolhaDePonto\FolhaDePonto.csproj", "{E51F4F70-2B8D-4824-B35E-84662B846E80}"
EndProject
Project("{9A19103F-16F7-4668-BE54-9A1E7A4F7556}") = "BusinessRule", "Domain\BusinessRule.csproj", "{42B79EBB-5761-49DB-8521-72D578D1B8B3}"
EndProject
Project("{9A19103F-16F7-4668-BE54-9A1E7A4F7556}") = "FolhaDePontoTest", "FolhaDePontoTest\FolhaDePontoTest.csproj", "{A9AE31EC-8F3A-4F9A-8670-1E685915E1BD}"
EndProject
Project("{9A19103F-16F7-4668-BE54-9A1E7A4F7556}") = "Repository", "Repository\Repository.csproj", "{B99374D0-1F16-4A20-BD51-2ED6E7301A42}"
EndProject
Project("{9A19103F-16F7-4668-BE54-9A1E7A4F7556}") = "Entities", "Entities\Entities.csproj", "{812451E0-FF71-4D60-96E6-8387E8025819}"
EndProject
Project("{FAE04EC0-301F-11D3-BF4B-00C04F79EFBC}") = "Common", "Common\Common.csproj", "{E21BFED7-7D84-49F3-B961-E2B6D15CF434}"
EndProject
Global
	GlobalSection(SolutionConfigurationPlatforms) = preSolution
		Debug|Any CPU = Debug|Any CPU
		Release|Any CPU = Release|Any CPU
	EndGlobalSection
	GlobalSection(ProjectConfigurationPlatforms) = postSolution
		{E51F4F70-2B8D-4824-B35E-84662B846E80}.Debug|Any CPU.ActiveCfg = Debug|Any CPU
		{E51F4F70-2B8D-4824-B35E-84662B846E80}.Debug|Any CPU.Build.0 = Debug|Any CPU
		{E51F4F70-2B8D-4824-B35E-84662B846E80}.Release|Any CPU.ActiveCfg = Release|Any CPU
		{E51F4F70-2B8D-4824-B35E-84662B846E80}.Release|Any CPU.Build.0 = Release|Any CPU
		{42B79EBB-5761-49DB-8521-72D578D1B8B3}.Debug|Any CPU.ActiveCfg = Debug|Any CPU
		{42B79EBB-5761-49DB-8521-72D578D1B8B3}.Debug|Any CPU.Build.0 = Debug|Any CPU
		{42B79EBB-5761-49DB-8521-72D578D1B8B3}.Release|Any CPU.ActiveCfg = Release|Any CPU
		{42B79EBB-5761-49DB-8521-72D578D1B8B3}.Release|Any CPU.Build.0 = Release|Any CPU
		{A9AE31EC-8F3A-4F9A-8670-1E685915E1BD}.Debug|Any CPU.ActiveCfg = Debug|Any CPU
		{A9AE31EC-8F3A-4F9A-8670-1E685915E1BD}.Debug|Any CPU.Build.0 = Debug|Any CPU
		{A9AE31EC-8F3A-4F9A-8670-1E685915E1BD}.Release|Any CPU.ActiveCfg = Release|Any CPU
		{A9AE31EC-8F3A-4F9A-8670-1E685915E1BD}.Release|Any CPU.Build.0 = Release|Any CPU
		{B99374D0-1F16-4A20-BD51-2ED6E7301A42}.Debug|Any CPU.ActiveCfg = Debug|Any CPU
		{B99374D0-1F16-4A20-BD51-2ED6E7301A42}.Debug|Any CPU.Build.0 = Debug|Any CPU
		{B99374D0-1F16-4A20-BD51-2ED6E7301A42}.Release|Any CPU.ActiveCfg = Release|Any CPU
		{B99374D0-1F16-4A20-BD51-2ED6E7301A42}.Release|Any CPU.Build.0 = Release|Any CPU
		{812451E0-FF71-4D60-96E6-8387E8025819}.Debug|Any CPU.ActiveCfg = Debug|Any CPU
		{812451E0-FF71-4D60-96E6-8387E8025819}.Debug|Any CPU.Build.0 = Debug|Any CPU
		{812451E0-FF71-4D60-96E6-8387E8025819}.Release|Any CPU.ActiveCfg = Release|Any CPU
		{812451E0-FF71-4D60-96E6-8387E8025819}.Release|Any CPU.Build.0 = Release|Any CPU
		{E21BFED7-7D84-49F3-B961-E2B6D15CF434}.Debug|Any CPU.ActiveCfg = Debug|Any CPU
		{E21BFED7-7D84-49F3-B961-E2B6D15CF434}.Debug|Any CPU.Build.0 = Debug|Any CPU
		{E21BFED7-7D84-49F3-B961-E2B6D15CF434}.Release|Any CPU.ActiveCfg = Release|Any CPU
		{E21BFED7-7D84-49F3-B961-E2B6D15CF434}.Release|Any CPU.Build.0 = Release|Any CPU
	EndGlobalSection
	GlobalSection(SolutionProperties) = preSolution
		HideSolutionNode = FALSE
	EndGlobalSection
	GlobalSection(ExtensibilityGlobals) = postSolution
		SolutionGuid = {063DF99D-3A31-471D-B273-3852C8CB9A51}
	EndGlobalSection
EndGlobal
